{
  "originHash" : "f5ca3fb22dcf325a564ab085218f3dde246523b02c59c438c669a62f6cfb7b77",
  "pins" : [
    {
      "identity" : "inappsettingskit",
      "kind" : "remoteSourceControl",
      "location" : "https://github.com/futuretap/InAppSettingsKit.git",
      "state" : {
        "revision" : "b60959ac31106a404774f641e063096014269188",
        "version" : "3.8.5"
      }
    },
    {
      "identity" : "swift-qrcode-generator",
      "kind" : "remoteSourceControl",
      "location" : "https://github.com/fwcd/swift-qrcode-generator",
      "state" : {
        "revision" : "2b1980b825f08a81ccc762b0c4d17fcde9d5e953",
        "version" : "2.0.2"
      }
    }
  ],
  "version" : 3
}
